# This file is automatically @generated by Cargo.
# It is not intended for manual editing.
version = 4

[[package]]
name = "neuroos-common"
version = "0.1.0"

[[package]]
name = "neuroos-confirm"
version = "0.1.0"

[[package]]
name = "neuroos-fetcher"
version = "0.1.0"

[[package]]
name = "neuroos-health"
version = "0.1.0"

[[package]]
name = "neuroos-healthd"
version = "0.1.0"

[[package]]
name = "neuroos-ipc"
version = "0.1.0"

[[package]]
name = "neuroos-kernel"
version = "0.1.0"

[[package]]
name = "neuroos-knowledge-query"
version = "0.1.0"

[[package]]
name = "neuroos-monitor"
version = "0.1.0"

[[package]]
name = "neuroos-proto"
version = "0.1.0"

[[package]]
name = "neuroos-sandbox"
version = "0.1.0"

[[package]]
name = "neuroos-shm"
version = "0.1.0"

[[package]]
name = "neuroos-storage"
version = "0.1.0"

[[package]]
name = "neuroos-taint"
version = "0.1.0"

[[package]]
name = "neuroos-testkit"
version = "0.1.0"

[[package]]
name = "neuroosctl"
version = "0.1.0"
